
Microsoft Visual Studio Solution File, Format Version 12.00
# Visual Studio 2012
Project("{FAE04EC0-301F-11D3-BF4B-00C04F79EFBC}") = "KinectSkittles_PlayerStream.Windows", "KinectSkittles_PlayerStream.Windows.csproj", "{BBB801A0-48BA-487D-BA8B-40DE858CCECF}"
EndProject
Project("{FAE04EC0-301F-11D3-BF4B-00C04F79EFBC}") = "AverageBuddy.Windows", "..\externals\AverageBuddy\Windows\AverageBuddy.Windows.csproj", "{5C824C4D-746C-4B13-9B71-CEEBA37C3B6F}"
EndProject
Project("{FAE04EC0-301F-11D3-BF4B-00C04F79EFBC}") = "ResolutionBuddy.Windows", "..\externals\ResolutionBuddy\Windows\ResolutionBuddy.Windows.csproj", "{28342DF0-0089-4A2A-B3D4-6DCD65D6D8E4}"
EndProject
Global
	GlobalSection(SolutionConfigurationPlatforms) = preSolution
		Debug|Any CPU = Debug|Any CPU
		Debug|Mixed Platforms = Debug|Mixed Platforms
		Debug|x86 = Debug|x86
		Release|Any CPU = Release|Any CPU
		Release|Mixed Platforms = Release|Mixed Platforms
		Release|x86 = Release|x86
	EndGlobalSection
	GlobalSection(ProjectConfigurationPlatforms) = postSolution
		{BBB801A0-48BA-487D-BA8B-40DE858CCECF}.Debug|Any CPU.ActiveCfg = Debug|x86
		{BBB801A0-48BA-487D-BA8B-40DE858CCECF}.Debug|Mixed Platforms.ActiveCfg = Debug|x86
		{BBB801A0-48BA-487D-BA8B-40DE858CCECF}.Debug|Mixed Platforms.Build.0 = Debug|x86
		{BBB801A0-48BA-487D-BA8B-40DE858CCECF}.Debug|x86.ActiveCfg = Debug|x86
		{BBB801A0-48BA-487D-BA8B-40DE858CCECF}.Debug|x86.Build.0 = Debug|x86
		{BBB801A0-48BA-487D-BA8B-40DE858CCECF}.Release|Any CPU.ActiveCfg = Release|x86
		{BBB801A0-48BA-487D-BA8B-40DE858CCECF}.Release|Mixed Platforms.ActiveCfg = Release|x86
		{BBB801A0-48BA-487D-BA8B-40DE858CCECF}.Release|Mixed Platforms.Build.0 = Release|x86
		{BBB801A0-48BA-487D-BA8B-40DE858CCECF}.Release|x86.ActiveCfg = Release|x86
		{BBB801A0-48BA-487D-BA8B-40DE858CCECF}.Release|x86.Build.0 = Release|x86
		{5C824C4D-746C-4B13-9B71-CEEBA37C3B6F}.Debug|Any CPU.ActiveCfg = Debug|Any CPU
		{5C824C4D-746C-4B13-9B71-CEEBA37C3B6F}.Debug|Any CPU.Build.0 = Debug|Any CPU
		{5C824C4D-746C-4B13-9B71-CEEBA37C3B6F}.Debug|Mixed Platforms.ActiveCfg = Debug|Any CPU
		{5C824C4D-746C-4B13-9B71-CEEBA37C3B6F}.Debug|Mixed Platforms.Build.0 = Debug|Any CPU
		{5C824C4D-746C-4B13-9B71-CEEBA37C3B6F}.Debug|x86.ActiveCfg = Debug|Any CPU
		{5C824C4D-746C-4B13-9B71-CEEBA37C3B6F}.Release|Any CPU.ActiveCfg = Release|Any CPU
		{5C824C4D-746C-4B13-9B71-CEEBA37C3B6F}.Release|Any CPU.Build.0 = Release|Any CPU
		{5C824C4D-746C-4B13-9B71-CEEBA37C3B6F}.Release|Mixed Platforms.ActiveCfg = Release|Any CPU
		{5C824C4D-746C-4B13-9B71-CEEBA37C3B6F}.Release|Mixed Platforms.Build.0 = Release|Any CPU
		{5C824C4D-746C-4B13-9B71-CEEBA37C3B6F}.Release|x86.ActiveCfg = Release|Any CPU
		{28342DF0-0089-4A2A-B3D4-6DCD65D6D8E4}.Debug|Any CPU.ActiveCfg = Debug|Any CPU
		{28342DF0-0089-4A2A-B3D4-6DCD65D6D8E4}.Debug|Any CPU.Build.0 = Debug|Any CPU
		{28342DF0-0089-4A2A-B3D4-6DCD65D6D8E4}.Debug|Mixed Platforms.ActiveCfg = Debug|x86
		{28342DF0-0089-4A2A-B3D4-6DCD65D6D8E4}.Debug|Mixed Platforms.Build.0 = Debug|x86
		{28342DF0-0089-4A2A-B3D4-6DCD65D6D8E4}.Debug|x86.ActiveCfg = Debug|x86
		{28342DF0-0089-4A2A-B3D4-6DCD65D6D8E4}.Debug|x86.Build.0 = Debug|x86
		{28342DF0-0089-4A2A-B3D4-6DCD65D6D8E4}.Release|Any CPU.ActiveCfg = Release|Any CPU
		{28342DF0-0089-4A2A-B3D4-6DCD65D6D8E4}.Release|Any CPU.Build.0 = Release|Any CPU
		{28342DF0-0089-4A2A-B3D4-6DCD65D6D8E4}.Release|Mixed Platforms.ActiveCfg = Release|x86
		{28342DF0-0089-4A2A-B3D4-6DCD65D6D8E4}.Release|Mixed Platforms.Build.0 = Release|x86
		{28342DF0-0089-4A2A-B3D4-6DCD65D6D8E4}.Release|x86.ActiveCfg = Release|x86
		{28342DF0-0089-4A2A-B3D4-6DCD65D6D8E4}.Release|x86.Build.0 = Release|x86
	EndGlobalSection
	GlobalSection(SolutionProperties) = preSolution
		HideSolutionNode = FALSE
	EndGlobalSection
EndGlobal
